<?xml version="1.0" encoding="utf-8"?>
<Project ToolsVersion="4.0" xmlns="http://schemas.microsoft.com/developer/msbuild/2003">
  <ItemGroup>
    <Filter Include="Source Files">
      <UniqueIdentifier>{d8b63cdf-c01f-441a-ad38-08e6d69e21f7}</UniqueIdentifier>
      <Extensions>cpp;c;cxx;rc;def;r;odl;idl;hpj;bat</Extensions>
    </Filter>
    <Filter Include="Header Files">
      <UniqueIdentifier>{38fb8d82-79ea-437e-a25b-753959b942f4}</UniqueIdentifier>
      <Extensions>h;hpp;hxx;hm;inl</Extensions>
    </Filter>
  </ItemGroup>
  <ItemGroup>
    <ClCompile Include="Args.cpp">
      <Filter>Source Files</Filter>
    </ClCompile>
    <ClCompile Include="Atoms.cpp">
      <Filter>Source Files</Filter>
    </ClCompile>
    <ClCompile Include="CdpCoder.cpp">
      <Filter>Source Files</Filter>
    </ClCompile>
    <ClCompile Include="CmdError.cpp">
      <Filter>Source Files</Filter>
    </ClCompile>
    <ClCompile Include="CmdParms.cpp">
      <Filter>Source Files</Filter>
    </ClCompile>
    <ClCompile Include="Coder.cpp">
      <Filter>Source Files</Filter>
    </ClCompile>
    <ClCompile Include="ContxtCK.cpp">
      <Filter>Source Files</Filter>
    </ClCompile>
    <ClCompile Include="DParser.cpp">
      <Filter>Source Files</Filter>
    </ClCompile>
    <ClCompile Include="ElemCode.cpp">
      <Filter>Source Files</Filter>
    </ClCompile>
    <ClCompile Include="FioCoder.cpp">
      <Filter>Source Files</Filter>
    </ClCompile>
    <ClCompile Include="IntCode.cpp">
      <Filter>Source Files</Filter>
    </ClCompile>
    <ClCompile Include="LexScanner.cpp">
      <Filter>Source Files</Filter>
    </ClCompile>
    <ClCompile Include="Parser.cpp">
      <Filter>Source Files</Filter>
    </ClCompile>
    <ClCompile Include="PC.cpp">
      <Filter>Source Files</Filter>
    </ClCompile>
    <ClCompile Include="PCerrors.cpp">
      <Filter>Source Files</Filter>
    </ClCompile>
    <ClCompile Include="Precompiler_all.cpp">
      <Filter>Source Files</Filter>
    </ClCompile>
    <ClCompile Include="ProCoder.cpp">
      <Filter>Source Files</Filter>
    </ClCompile>
    <ClCompile Include="SigCoder.cpp">
      <Filter>Source Files</Filter>
    </ClCompile>
    <ClCompile Include="TypCoder.cpp">
      <Filter>Source Files</Filter>
    </ClCompile>
    <ClCompile Include="XParser.cpp">
      <Filter>Source Files</Filter>
    </ClCompile>
  </ItemGroup>
  <ItemGroup>
    <ClInclude Include="Args.h">
      <Filter>Header Files</Filter>
    </ClInclude>
    <ClInclude Include="Atoms.h">
      <Filter>Header Files</Filter>
    </ClInclude>
    <ClInclude Include="CdpCoder.h">
      <Filter>Header Files</Filter>
    </ClInclude>
    <ClInclude Include="CmdError.h">
      <Filter>Header Files</Filter>
    </ClInclude>
    <ClInclude Include="CmdParms.h">
      <Filter>Header Files</Filter>
    </ClInclude>
    <ClInclude Include="Coder.h">
      <Filter>Header Files</Filter>
    </ClInclude>
    <ClInclude Include="ContxtCK.h">
      <Filter>Header Files</Filter>
    </ClInclude>
    <ClInclude Include="DParser.h">
      <Filter>Header Files</Filter>
    </ClInclude>
    <ClInclude Include="ElemCode.h">
      <Filter>Header Files</Filter>
    </ClInclude>
    <ClInclude Include="FioCoder.h">
      <Filter>Header Files</Filter>
    </ClInclude>
    <ClInclude Include="IntCode.h">
      <Filter>Header Files</Filter>
    </ClInclude>
    <ClInclude Include="LexScanner.h">
      <Filter>Header Files</Filter>
    </ClInclude>
    <ClInclude Include="Parser.h">
      <Filter>Header Files</Filter>
    </ClInclude>
    <ClInclude Include="PCerrors.h">
      <Filter>Header Files</Filter>
    </ClInclude>
    <ClInclude Include="Precompiler_all.h">
      <Filter>Header Files</Filter>
    </ClInclude>
    <ClInclude Include="ProCoder.h">
      <Filter>Header Files</Filter>
    </ClInclude>
    <ClInclude Include="SigCoder.h">
      <Filter>Header Files</Filter>
    </ClInclude>
    <ClInclude Include="TypCoder.h">
      <Filter>Header Files</Filter>
    </ClInclude>
    <ClInclude Include="XParser.h">
      <Filter>Header Files</Filter>
    </ClInclude>
  </ItemGroup>
</Project>