<?xml version="1.0" encoding="utf-8"?>
<Project ToolsVersion="4.0" xmlns="http://schemas.microsoft.com/developer/msbuild/2003">
  <ItemGroup>
    <Filter Include="UI Files">
      <UniqueIdentifier>{d85d4e51-5faa-4691-8389-88c2419db9bd}</UniqueIdentifier>
      <Extensions>.ui</Extensions>
    </Filter>
    <Filter Include="Generated">
      <UniqueIdentifier>{79114af6-86e1-4bf1-a67a-6636e5f8c26a}</UniqueIdentifier>
    </Filter>
    <Filter Include="Header Files">
      <UniqueIdentifier>{3a80ea71-98aa-4e65-904a-1e685f70a767}</UniqueIdentifier>
    </Filter>
    <Filter Include="Source Files">
      <UniqueIdentifier>{9b8b50a0-3dc1-4042-81ea-64093214e306}</UniqueIdentifier>
    </Filter>
  </ItemGroup>
  <ItemGroup>
    <ClInclude Include="LavaPE_UI_all.h">
      <Filter>Header Files</Filter>
    </ClInclude>
  </ItemGroup>
  <ItemGroup>
    <ClCompile Include="Generated\moc_LavaPEMainFrameBase.cpp">
      <Filter>Generated</Filter>
    </ClCompile>
    <ClCompile Include="LavaPE_UI_all.cpp">
      <Filter>Source Files</Filter>
    </ClCompile>
    <ClCompile Include="LavaPEMainFrameBase.cpp">
      <Filter>Source Files</Filter>
    </ClCompile>
  </ItemGroup>
  <ItemGroup>
    <CustomBuildStep Include="generated\idd_attachhandler.h">
      <Filter>Generated</Filter>
    </CustomBuildStep>
  </ItemGroup>
  <ItemGroup>
    <CustomBuild Include="cmainframe.ui">
      <Filter>UI Files</Filter>
    </CustomBuild>
    <CustomBuild Include="idd_attachhandler.ui">
      <Filter>UI Files</Filter>
    </CustomBuild>
    <CustomBuild Include="idd_attrbox.ui">
      <Filter>UI Files</Filter>
    </CustomBuild>
    <CustomBuild Include="idd_chainformpage.ui">
      <Filter>UI Files</Filter>
    </CustomBuild>
    <CustomBuild Include="idd_compspecbox.ui">
      <Filter>UI Files</Filter>
    </CustomBuild>
    <CustomBuild Include="idd_corroverbox.ui">
      <Filter>UI Files</Filter>
    </CustomBuild>
    <CustomBuild Include="idd_enumbox.ui">
      <Filter>UI Files</Filter>
    </CustomBuild>
    <CustomBuild Include="idd_enumitem.ui">
      <Filter>UI Files</Filter>
    </CustomBuild>
    <CustomBuild Include="idd_findbynamebox.ui">
      <Filter>UI Files</Filter>
    </CustomBuild>
    <CustomBuild Include="idd_findrefsbox.ui">
      <Filter>UI Files</Filter>
    </CustomBuild>
    <CustomBuild Include="idd_fontcolorpage.ui">
      <Filter>UI Files</Filter>
    </CustomBuild>
    <CustomBuild Include="idd_formbox.ui">
      <Filter>UI Files</Filter>
    </CustomBuild>
    <CustomBuild Include="idd_ftextpage.ui">
      <Filter>UI Files</Filter>
    </CustomBuild>
    <CustomBuild Include="idd_funcbox.ui">
      <Filter>UI Files</Filter>
    </CustomBuild>
    <CustomBuild Include="idd_generalpage.ui">
      <Filter>UI Files</Filter>
    </CustomBuild>
    <CustomBuild Include="idd_gotodeclsel.ui">
      <Filter>UI Files</Filter>
    </CustomBuild>
    <CustomBuild Include="idd_implbox.ui">
      <Filter>UI Files</Filter>
    </CustomBuild>
    <CustomBuild Include="idd_includebox.ui">
      <Filter>UI Files</Filter>
    </CustomBuild>
    <CustomBuild Include="idd_initbox.ui">
      <Filter>UI Files</Filter>
    </CustomBuild>
    <CustomBuild Include="idd_interfacebox.ui">
      <Filter>UI Files</Filter>
    </CustomBuild>
    <CustomBuild Include="idd_iobox.ui">
      <Filter>UI Files</Filter>
    </CustomBuild>
    <CustomBuild Include="idd_iopage.ui">
      <Filter>UI Files</Filter>
    </CustomBuild>
    <CustomBuild Include="idd_literalitem.ui">
      <Filter>UI Files</Filter>
    </CustomBuild>
    <CustomBuild Include="idd_literalspage.ui">
      <Filter>UI Files</Filter>
    </CustomBuild>
    <CustomBuild Include="idd_menuitem.ui">
      <Filter>UI Files</Filter>
    </CustomBuild>
    <CustomBuild Include="idd_menupage.ui">
      <Filter>UI Files</Filter>
    </CustomBuild>
    <CustomBuild Include="idd_packagebox.ui">
      <Filter>UI Files</Filter>
    </CustomBuild>
    <CustomBuild Include="idd_setbox.ui">
      <Filter>UI Files</Filter>
    </CustomBuild>
    <CustomBuild Include="idd_supportpage.ui">
      <Filter>UI Files</Filter>
    </CustomBuild>
    <CustomBuild Include="idd_vtypebox.ui">
      <Filter>UI Files</Filter>
    </CustomBuild>
    <CustomBuild Include="Generated\cmainframe.h">
      <Filter>Generated</Filter>
    </CustomBuild>
    <CustomBuild Include="Generated\idd_attrbox.h">
      <Filter>Generated</Filter>
    </CustomBuild>
    <CustomBuild Include="Generated\idd_chainformpage.h">
      <Filter>Generated</Filter>
    </CustomBuild>
    <CustomBuild Include="Generated\idd_compspecbox.h">
      <Filter>Generated</Filter>
    </CustomBuild>
    <CustomBuild Include="Generated\idd_corroverbox.h">
      <Filter>Generated</Filter>
    </CustomBuild>
    <CustomBuild Include="Generated\idd_enumbox.h">
      <Filter>Generated</Filter>
    </CustomBuild>
    <CustomBuild Include="Generated\idd_enumitem.h">
      <Filter>Generated</Filter>
    </CustomBuild>
    <CustomBuild Include="Generated\idd_findbynamebox.h">
      <Filter>Generated</Filter>
    </CustomBuild>
    <CustomBuild Include="Generated\idd_findrefsbox.h">
      <Filter>Generated</Filter>
    </CustomBuild>
    <CustomBuild Include="Generated\idd_fontcolorpage.h">
      <Filter>Generated</Filter>
    </CustomBuild>
    <CustomBuild Include="Generated\idd_formbox.h">
      <Filter>Generated</Filter>
    </CustomBuild>
    <CustomBuild Include="Generated\idd_formview.h">
      <Filter>Generated</Filter>
    </CustomBuild>
    <CustomBuild Include="Generated\idd_ftextpage.h">
      <Filter>Generated</Filter>
    </CustomBuild>
    <CustomBuild Include="Generated\idd_funcbox.h">
      <Filter>Generated</Filter>
    </CustomBuild>
    <CustomBuild Include="Generated\idd_generalpage.h">
      <Filter>Generated</Filter>
    </CustomBuild>
    <CustomBuild Include="Generated\idd_gotodeclsel.h">
      <Filter>Generated</Filter>
    </CustomBuild>
    <CustomBuild Include="Generated\idd_implbox.h">
      <Filter>Generated</Filter>
    </CustomBuild>
    <CustomBuild Include="Generated\idd_includebox.h">
      <Filter>Generated</Filter>
    </CustomBuild>
    <CustomBuild Include="Generated\idd_initbox.h">
      <Filter>Generated</Filter>
    </CustomBuild>
    <CustomBuild Include="Generated\idd_interfacebox.h">
      <Filter>Generated</Filter>
    </CustomBuild>
    <CustomBuild Include="Generated\idd_iobox.h">
      <Filter>Generated</Filter>
    </CustomBuild>
    <CustomBuild Include="Generated\idd_iopage.h">
      <Filter>Generated</Filter>
    </CustomBuild>
    <CustomBuild Include="Generated\idd_literalitem.h">
      <Filter>Generated</Filter>
    </CustomBuild>
    <CustomBuild Include="Generated\idd_literalspage.h">
      <Filter>Generated</Filter>
    </CustomBuild>
    <CustomBuild Include="Generated\idd_menuitem.h">
      <Filter>Generated</Filter>
    </CustomBuild>
    <CustomBuild Include="Generated\idd_menupage.h">
      <Filter>Generated</Filter>
    </CustomBuild>
    <CustomBuild Include="Generated\idd_packagebox.h">
      <Filter>Generated</Filter>
    </CustomBuild>
    <CustomBuild Include="Generated\idd_setbox.h">
      <Filter>Generated</Filter>
    </CustomBuild>
    <CustomBuild Include="Generated\idd_supportpage.h">
      <Filter>Generated</Filter>
    </CustomBuild>
    <CustomBuild Include="Generated\idd_vtypebox.h">
      <Filter>Generated</Filter>
    </CustomBuild>
    <CustomBuild Include="LavaPEMainFrameBase.h">
      <Filter>Header Files</Filter>
    </CustomBuild>
  </ItemGroup>
</Project>