<?xml version="1.0" encoding="utf-8"?>
<Project ToolsVersion="4.0" xmlns="http://schemas.microsoft.com/developer/msbuild/2003">
  <ItemGroup>
    <Filter Include="Generated">
      <UniqueIdentifier>{d4772fee-ed59-4ebc-8b70-0a43e3b664f8}</UniqueIdentifier>
    </Filter>
    <Filter Include="Header Files">
      <UniqueIdentifier>{d9a8b615-7172-49c5-9fd4-02afde2b0a10}</UniqueIdentifier>
      <Extensions>h;hpp;hxx;hm;inl</Extensions>
    </Filter>
    <Filter Include="Resource Files">
      <UniqueIdentifier>{5b3d8df5-13f2-4b64-94d5-8aaad956babe}</UniqueIdentifier>
      <Extensions>ico;cur;bmp;dlg;rc2;rct;bin;cnt;rtf;gif;jpg;jpeg;jpe</Extensions>
    </Filter>
    <Filter Include="Source Files">
      <UniqueIdentifier>{1a2814d1-5203-4d7e-b6ee-a5c3c469a9fc}</UniqueIdentifier>
      <Extensions>cpp;c;cxx;rc;def;r;odl;idl;hpj;bat</Extensions>
    </Filter>
  </ItemGroup>
  <ItemGroup>
    <ClInclude Include="..\Interpreter\Tokens.h">
      <Filter>Header Files</Filter>
    </ClInclude>
    <ClInclude Include="Lava_all.h">
      <Filter>Header Files</Filter>
    </ClInclude>
  </ItemGroup>
  <ItemGroup>
    <ClCompile Include="Generated\Lava_res.cpp">
      <Filter>Generated</Filter>
    </ClCompile>
    <ClCompile Include="Generated\moc_Lava.cpp">
      <Filter>Generated</Filter>
    </ClCompile>
    <ClCompile Include="Generated\moc_LavaDoc.cpp">
      <Filter>Generated</Filter>
    </ClCompile>
    <ClCompile Include="Generated\moc_MainFrm.cpp">
      <Filter>Generated</Filter>
    </ClCompile>
    <ClCompile Include="Lava.cpp">
      <Filter>Source Files</Filter>
    </ClCompile>
    <ClCompile Include="LavaDoc.cpp">
      <Filter>Source Files</Filter>
    </ClCompile>
    <ClCompile Include="Lava_all.cpp">
      <Filter>Source Files</Filter>
    </ClCompile>
    <ClCompile Include="MainFrm.cpp">
      <Filter>Source Files</Filter>
    </ClCompile>
  </ItemGroup>
  <ItemGroup>
    <None Include="guibar.bmp">
      <Filter>Resource Files</Filter>
    </None>
    <None Include="Lava.reg" />
    <None Include="res\bmp26.bmp">
      <Filter>Resource Files</Filter>
    </None>
    <None Include="res\IToolbar.bmp">
      <Filter>Resource Files</Filter>
    </None>
    <None Include="res\Lava.ico">
      <Filter>Resource Files</Filter>
    </None>
    <None Include="res\Lava.xpm">
      <Filter>Resource Files</Filter>
    </None>
    <None Include="res\LavaCom.ico">
      <Filter>Resource Files</Filter>
    </None>
    <None Include="res\LavaDoc.ico">
      <Filter>Resource Files</Filter>
    </None>
    <None Include="res\LavaTask.ico">
      <Filter>Resource Files</Filter>
    </None>
    <None Include="res\lavatype.bmp">
      <Filter>Resource Files</Filter>
    </None>
    <None Include="res\mainfram.bmp">
      <Filter>Resource Files</Filter>
    </None>
    <None Include="res\Toolbar.bmp">
      <Filter>Resource Files</Filter>
    </None>
  </ItemGroup>
  <ItemGroup>
    <ResourceCompile Include="res\Lava.rc">
      <Filter>Resource Files</Filter>
    </ResourceCompile>
  </ItemGroup>
  <ItemGroup>
    <CustomBuild Include="..\Lava_res.qrc" />
    <CustomBuild Include="Lava.h">
      <Filter>Header Files</Filter>
    </CustomBuild>
    <CustomBuild Include="LavaDoc.h">
      <Filter>Header Files</Filter>
    </CustomBuild>
    <CustomBuild Include="MainFrm.h">
      <Filter>Header Files</Filter>
    </CustomBuild>
  </ItemGroup>
</Project>