Microsoft Visual Studio Solution File, Format Version 9.00
# Visual C++ Express 2005
Project("{8BC9CEB8-8B4A-11D0-8D11-00A0C91BC942}") = "Interpreter", "Interpreter\Interpreter.vcproj", "{FC1477D2-8467-4AEE-9741-A83A8DEBFCF0}"
	ProjectSection(ProjectDependencies) = postProject
		{5EC4E4E1-7851-45F7-AE0B-A2BE02E0BBE7} = {5EC4E4E1-7851-45F7-AE0B-A2BE02E0BBE7}
		{FA41A2C9-8020-4E9B-83E8-5BA2B740BA92} = {FA41A2C9-8020-4E9B-83E8-5BA2B740BA92}
		{C86A9A8D-572A-4F4B-A58A-EAB2995E77FD} = {C86A9A8D-572A-4F4B-A58A-EAB2995E77FD}
		{B8AF386C-B421-4024-B8F0-9A926B6B11B2} = {B8AF386C-B421-4024-B8F0-9A926B6B11B2}
		{DCEBAD30-93BD-4E9A-B45A-909512ED7901} = {DCEBAD30-93BD-4E9A-B45A-909512ED7901}
		{8A27EB26-44C3-4B70-BEE7-AA21C6DD713A} = {8A27EB26-44C3-4B70-BEE7-AA21C6DD713A}
		{6BE40600-7F8F-4DCE-A9E8-694823E69077} = {6BE40600-7F8F-4DCE-A9E8-694823E69077}
	EndProjectSection
EndProject
Project("{8BC9CEB8-8B4A-11D0-8D11-00A0C91BC942}") = "Lava", "Lava\Lava.vcproj", "{98DA550C-F329-458E-8171-FF7A5CAEAD5B}"
	ProjectSection(ProjectDependencies) = postProject
		{5EC4E4E1-7851-45F7-AE0B-A2BE02E0BBE7} = {5EC4E4E1-7851-45F7-AE0B-A2BE02E0BBE7}
		{FC1477D2-8467-4AEE-9741-A83A8DEBFCF0} = {FC1477D2-8467-4AEE-9741-A83A8DEBFCF0}
		{FA41A2C9-8020-4E9B-83E8-5BA2B740BA92} = {FA41A2C9-8020-4E9B-83E8-5BA2B740BA92}
		{657E6398-B5E9-464A-BA12-D05859F9D42A} = {657E6398-B5E9-464A-BA12-D05859F9D42A}
		{C86A9A8D-572A-4F4B-A58A-EAB2995E77FD} = {C86A9A8D-572A-4F4B-A58A-EAB2995E77FD}
		{B8AF386C-B421-4024-B8F0-9A926B6B11B2} = {B8AF386C-B421-4024-B8F0-9A926B6B11B2}
		{DCEBAD30-93BD-4E9A-B45A-909512ED7901} = {DCEBAD30-93BD-4E9A-B45A-909512ED7901}
		{8A27EB26-44C3-4B70-BEE7-AA21C6DD713A} = {8A27EB26-44C3-4B70-BEE7-AA21C6DD713A}
		{6BE40600-7F8F-4DCE-A9E8-694823E69077} = {6BE40600-7F8F-4DCE-A9E8-694823E69077}
	EndProjectSection
EndProject
Project("{8BC9CEB8-8B4A-11D0-8D11-00A0C91BC942}") = "LavaBase", "LavaBase\LavaBase.vcproj", "{8A27EB26-44C3-4B70-BEE7-AA21C6DD713A}"
	ProjectSection(ProjectDependencies) = postProject
		{5EC4E4E1-7851-45F7-AE0B-A2BE02E0BBE7} = {5EC4E4E1-7851-45F7-AE0B-A2BE02E0BBE7}
		{B8AF386C-B421-4024-B8F0-9A926B6B11B2} = {B8AF386C-B421-4024-B8F0-9A926B6B11B2}
		{DCEBAD30-93BD-4E9A-B45A-909512ED7901} = {DCEBAD30-93BD-4E9A-B45A-909512ED7901}
	EndProjectSection
EndProject
Project("{8BC9CEB8-8B4A-11D0-8D11-00A0C91BC942}") = "LavaExecs", "LavaExecs\LavaExecs.vcproj", "{6BE40600-7F8F-4DCE-A9E8-694823E69077}"
	ProjectSection(ProjectDependencies) = postProject
		{ECF9A21B-4105-4881-98B5-37C8B8A689D2} = {ECF9A21B-4105-4881-98B5-37C8B8A689D2}
		{8A27EB26-44C3-4B70-BEE7-AA21C6DD713A} = {8A27EB26-44C3-4B70-BEE7-AA21C6DD713A}
		{5EC4E4E1-7851-45F7-AE0B-A2BE02E0BBE7} = {5EC4E4E1-7851-45F7-AE0B-A2BE02E0BBE7}
		{B8AF386C-B421-4024-B8F0-9A926B6B11B2} = {B8AF386C-B421-4024-B8F0-9A926B6B11B2}
		{DCEBAD30-93BD-4E9A-B45A-909512ED7901} = {DCEBAD30-93BD-4E9A-B45A-909512ED7901}
	EndProjectSection
EndProject
Project("{8BC9CEB8-8B4A-11D0-8D11-00A0C91BC942}") = "LavaGUI", "LavaGUI\LavaGUI.vcproj", "{C86A9A8D-572A-4F4B-A58A-EAB2995E77FD}"
	ProjectSection(ProjectDependencies) = postProject
		{5EC4E4E1-7851-45F7-AE0B-A2BE02E0BBE7} = {5EC4E4E1-7851-45F7-AE0B-A2BE02E0BBE7}
		{DCEBAD30-93BD-4E9A-B45A-909512ED7901} = {DCEBAD30-93BD-4E9A-B45A-909512ED7901}
		{8A27EB26-44C3-4B70-BEE7-AA21C6DD713A} = {8A27EB26-44C3-4B70-BEE7-AA21C6DD713A}
	EndProjectSection
EndProject
Project("{8BC9CEB8-8B4A-11D0-8D11-00A0C91BC942}") = "LavaPE", "LavaPE\LavaPE.vcproj", "{ACC34DDA-0198-4D6F-92E1-9C4A53D719BB}"
	ProjectSection(ProjectDependencies) = postProject
		{5EC4E4E1-7851-45F7-AE0B-A2BE02E0BBE7} = {5EC4E4E1-7851-45F7-AE0B-A2BE02E0BBE7}
		{C86A9A8D-572A-4F4B-A58A-EAB2995E77FD} = {C86A9A8D-572A-4F4B-A58A-EAB2995E77FD}
		{B8AF386C-B421-4024-B8F0-9A926B6B11B2} = {B8AF386C-B421-4024-B8F0-9A926B6B11B2}
		{DCEBAD30-93BD-4E9A-B45A-909512ED7901} = {DCEBAD30-93BD-4E9A-B45A-909512ED7901}
		{8A27EB26-44C3-4B70-BEE7-AA21C6DD713A} = {8A27EB26-44C3-4B70-BEE7-AA21C6DD713A}
		{ECF9A21B-4105-4881-98B5-37C8B8A689D2} = {ECF9A21B-4105-4881-98B5-37C8B8A689D2}
		{6BE40600-7F8F-4DCE-A9E8-694823E69077} = {6BE40600-7F8F-4DCE-A9E8-694823E69077}
	EndProjectSection
EndProject
Project("{8BC9CEB8-8B4A-11D0-8D11-00A0C91BC942}") = "LavaPE_UI", "LavaPE_UI\LavaPE_UI.vcproj", "{ECF9A21B-4105-4881-98B5-37C8B8A689D2}"
	ProjectSection(ProjectDependencies) = postProject
		{5EC4E4E1-7851-45F7-AE0B-A2BE02E0BBE7} = {5EC4E4E1-7851-45F7-AE0B-A2BE02E0BBE7}
		{DCEBAD30-93BD-4E9A-B45A-909512ED7901} = {DCEBAD30-93BD-4E9A-B45A-909512ED7901}
		{8A27EB26-44C3-4B70-BEE7-AA21C6DD713A} = {8A27EB26-44C3-4B70-BEE7-AA21C6DD713A}
	EndProjectSection
EndProject
Project("{8BC9CEB8-8B4A-11D0-8D11-00A0C91BC942}") = "LavaStream", "LavaStream\LavaStream.vcproj", "{FA41A2C9-8020-4E9B-83E8-5BA2B740BA92}"
	ProjectSection(ProjectDependencies) = postProject
		{5EC4E4E1-7851-45F7-AE0B-A2BE02E0BBE7} = {5EC4E4E1-7851-45F7-AE0B-A2BE02E0BBE7}
		{B8AF386C-B421-4024-B8F0-9A926B6B11B2} = {B8AF386C-B421-4024-B8F0-9A926B6B11B2}
		{8A27EB26-44C3-4B70-BEE7-AA21C6DD713A} = {8A27EB26-44C3-4B70-BEE7-AA21C6DD713A}
	EndProjectSection
EndProject
Project("{8BC9CEB8-8B4A-11D0-8D11-00A0C91BC942}") = "Lava_UI", "Lava_UI\Lava_UI.vcproj", "{657E6398-B5E9-464A-BA12-D05859F9D42A}"
	ProjectSection(ProjectDependencies) = postProject
		{5EC4E4E1-7851-45F7-AE0B-A2BE02E0BBE7} = {5EC4E4E1-7851-45F7-AE0B-A2BE02E0BBE7}
		{DCEBAD30-93BD-4E9A-B45A-909512ED7901} = {DCEBAD30-93BD-4E9A-B45A-909512ED7901}
		{8A27EB26-44C3-4B70-BEE7-AA21C6DD713A} = {8A27EB26-44C3-4B70-BEE7-AA21C6DD713A}
	EndProjectSection
EndProject
Project("{8BC9CEB8-8B4A-11D0-8D11-00A0C91BC942}") = "Precompiler", "Precompiler\Precompiler.vcproj", "{B8AF386C-B421-4024-B8F0-9A926B6B11B2}"
	ProjectSection(ProjectDependencies) = postProject
		{5EC4E4E1-7851-45F7-AE0B-A2BE02E0BBE7} = {5EC4E4E1-7851-45F7-AE0B-A2BE02E0BBE7}
	EndProjectSection
EndProject
Project("{8BC9CEB8-8B4A-11D0-8D11-00A0C91BC942}") = "disco", "disco\disco.vcproj", "{5EC4E4E1-7851-45F7-AE0B-A2BE02E0BBE7}"
EndProject
Project("{8BC9CEB8-8B4A-11D0-8D11-00A0C91BC942}") = "wxqDocView", "wxqDocView\wxqDocView.vcproj", "{DCEBAD30-93BD-4E9A-B45A-909512ED7901}"
	ProjectSection(ProjectDependencies) = postProject
		{5EC4E4E1-7851-45F7-AE0B-A2BE02E0BBE7} = {5EC4E4E1-7851-45F7-AE0B-A2BE02E0BBE7}
	EndProjectSection
EndProject
Global
	GlobalSection(SolutionConfigurationPlatforms) = preSolution
		Debug|Win32 = Debug|Win32
		Release|Win32 = Release|Win32
	EndGlobalSection
	GlobalSection(ProjectConfigurationPlatforms) = postSolution
		{FC1477D2-8467-4AEE-9741-A83A8DEBFCF0}.Debug|Win32.ActiveCfg = Debug|Win32
		{FC1477D2-8467-4AEE-9741-A83A8DEBFCF0}.Debug|Win32.Build.0 = Debug|Win32
		{FC1477D2-8467-4AEE-9741-A83A8DEBFCF0}.Release|Win32.ActiveCfg = Release|Win32
		{FC1477D2-8467-4AEE-9741-A83A8DEBFCF0}.Release|Win32.Build.0 = Release|Win32
		{98DA550C-F329-458E-8171-FF7A5CAEAD5B}.Debug|Win32.ActiveCfg = Debug|Win32
		{98DA550C-F329-458E-8171-FF7A5CAEAD5B}.Debug|Win32.Build.0 = Debug|Win32
		{98DA550C-F329-458E-8171-FF7A5CAEAD5B}.Release|Win32.ActiveCfg = Release|Win32
		{98DA550C-F329-458E-8171-FF7A5CAEAD5B}.Release|Win32.Build.0 = Release|Win32
		{8A27EB26-44C3-4B70-BEE7-AA21C6DD713A}.Debug|Win32.ActiveCfg = Debug|Win32
		{8A27EB26-44C3-4B70-BEE7-AA21C6DD713A}.Debug|Win32.Build.0 = Debug|Win32
		{8A27EB26-44C3-4B70-BEE7-AA21C6DD713A}.Release|Win32.ActiveCfg = Release|Win32
		{8A27EB26-44C3-4B70-BEE7-AA21C6DD713A}.Release|Win32.Build.0 = Release|Win32
		{6BE40600-7F8F-4DCE-A9E8-694823E69077}.Debug|Win32.ActiveCfg = Debug|Win32
		{6BE40600-7F8F-4DCE-A9E8-694823E69077}.Debug|Win32.Build.0 = Debug|Win32
		{6BE40600-7F8F-4DCE-A9E8-694823E69077}.Release|Win32.ActiveCfg = Release|Win32
		{6BE40600-7F8F-4DCE-A9E8-694823E69077}.Release|Win32.Build.0 = Release|Win32
		{C86A9A8D-572A-4F4B-A58A-EAB2995E77FD}.Debug|Win32.ActiveCfg = Debug|Win32
		{C86A9A8D-572A-4F4B-A58A-EAB2995E77FD}.Debug|Win32.Build.0 = Debug|Win32
		{C86A9A8D-572A-4F4B-A58A-EAB2995E77FD}.Release|Win32.ActiveCfg = Release|Win32
		{C86A9A8D-572A-4F4B-A58A-EAB2995E77FD}.Release|Win32.Build.0 = Release|Win32
		{ACC34DDA-0198-4D6F-92E1-9C4A53D719BB}.Debug|Win32.ActiveCfg = Debug|Win32
		{ACC34DDA-0198-4D6F-92E1-9C4A53D719BB}.Debug|Win32.Build.0 = Debug|Win32
		{ACC34DDA-0198-4D6F-92E1-9C4A53D719BB}.Release|Win32.ActiveCfg = Release|Win32
		{ACC34DDA-0198-4D6F-92E1-9C4A53D719BB}.Release|Win32.Build.0 = Release|Win32
		{ECF9A21B-4105-4881-98B5-37C8B8A689D2}.Debug|Win32.ActiveCfg = Debug|Win32
		{ECF9A21B-4105-4881-98B5-37C8B8A689D2}.Debug|Win32.Build.0 = Debug|Win32
		{ECF9A21B-4105-4881-98B5-37C8B8A689D2}.Release|Win32.ActiveCfg = Release|Win32
		{ECF9A21B-4105-4881-98B5-37C8B8A689D2}.Release|Win32.Build.0 = Release|Win32
		{FA41A2C9-8020-4E9B-83E8-5BA2B740BA92}.Debug|Win32.ActiveCfg = Debug|Win32
		{FA41A2C9-8020-4E9B-83E8-5BA2B740BA92}.Debug|Win32.Build.0 = Debug|Win32
		{FA41A2C9-8020-4E9B-83E8-5BA2B740BA92}.Release|Win32.ActiveCfg = Release|Win32
		{FA41A2C9-8020-4E9B-83E8-5BA2B740BA92}.Release|Win32.Build.0 = Release|Win32
		{657E6398-B5E9-464A-BA12-D05859F9D42A}.Debug|Win32.ActiveCfg = Debug|Win32
		{657E6398-B5E9-464A-BA12-D05859F9D42A}.Debug|Win32.Build.0 = Debug|Win32
		{657E6398-B5E9-464A-BA12-D05859F9D42A}.Release|Win32.ActiveCfg = Release|Win32
		{657E6398-B5E9-464A-BA12-D05859F9D42A}.Release|Win32.Build.0 = Release|Win32
		{B8AF386C-B421-4024-B8F0-9A926B6B11B2}.Debug|Win32.ActiveCfg = Debug|Win32
		{B8AF386C-B421-4024-B8F0-9A926B6B11B2}.Debug|Win32.Build.0 = Debug|Win32
		{B8AF386C-B421-4024-B8F0-9A926B6B11B2}.Release|Win32.ActiveCfg = Release|Win32
		{B8AF386C-B421-4024-B8F0-9A926B6B11B2}.Release|Win32.Build.0 = Release|Win32
		{5EC4E4E1-7851-45F7-AE0B-A2BE02E0BBE7}.Debug|Win32.ActiveCfg = Debug|Win32
		{5EC4E4E1-7851-45F7-AE0B-A2BE02E0BBE7}.Debug|Win32.Build.0 = Debug|Win32
		{5EC4E4E1-7851-45F7-AE0B-A2BE02E0BBE7}.Release|Win32.ActiveCfg = Release|Win32
		{5EC4E4E1-7851-45F7-AE0B-A2BE02E0BBE7}.Release|Win32.Build.0 = Release|Win32
		{DCEBAD30-93BD-4E9A-B45A-909512ED7901}.Debug|Win32.ActiveCfg = Debug|Win32
		{DCEBAD30-93BD-4E9A-B45A-909512ED7901}.Debug|Win32.Build.0 = Debug|Win32
		{DCEBAD30-93BD-4E9A-B45A-909512ED7901}.Release|Win32.ActiveCfg = Release|Win32
		{DCEBAD30-93BD-4E9A-B45A-909512ED7901}.Release|Win32.Build.0 = Release|Win32
	EndGlobalSection
	GlobalSection(SolutionProperties) = preSolution
		HideSolutionNode = FALSE
	EndGlobalSection
EndGlobal
