
Microsoft Visual Studio Solution File, Format Version 9.00
# Visual C++ Express 2005
Project("{8BC9CEB8-8B4A-11D0-8D11-00A0C91BC942}") = "Precompiler", "Precompiler\Precompiler.vcproj", "{B8AF386C-B421-4024-B8F0-9A926B6B11B2}"
	ProjectSection(ProjectDependencies) = postProject
		{5EC4E4E1-7851-45F7-AE0B-A2BE02E0BBE7} = {5EC4E4E1-7851-45F7-AE0B-A2BE02E0BBE7}
	EndProjectSection
EndProject
Project("{8BC9CEB8-8B4A-11D0-8D11-00A0C91BC942}") = "disco", "disco\disco.vcproj", "{5EC4E4E1-7851-45F7-AE0B-A2BE02E0BBE7}"
EndProject
Project("{8BC9CEB8-8B4A-11D0-8D11-00A0C91BC942}") = "wxqDocView", "wxqDocView\wxqDocView.vcproj", "{DCEBAD30-93BD-4E9A-B45A-909512ED7901}"
	ProjectSection(ProjectDependencies) = postProject
		{5EC4E4E1-7851-45F7-AE0B-A2BE02E0BBE7} = {5EC4E4E1-7851-45F7-AE0B-A2BE02E0BBE7}
	EndProjectSection
EndProject
Global
	GlobalSection(SolutionConfigurationPlatforms) = preSolution
		Debug|Win32 = Debug|Win32
		Release|Win32 = Release|Win32
	EndGlobalSection
	GlobalSection(ProjectConfigurationPlatforms) = postSolution
		{B8AF386C-B421-4024-B8F0-9A926B6B11B2}.Debug|Win32.ActiveCfg = Debug|Win32
		{B8AF386C-B421-4024-B8F0-9A926B6B11B2}.Debug|Win32.Build.0 = Debug|Win32
		{B8AF386C-B421-4024-B8F0-9A926B6B11B2}.Release|Win32.ActiveCfg = Release|Win32
		{B8AF386C-B421-4024-B8F0-9A926B6B11B2}.Release|Win32.Build.0 = Release|Win32
		{5EC4E4E1-7851-45F7-AE0B-A2BE02E0BBE7}.Debug|Win32.ActiveCfg = Debug|Win32
		{5EC4E4E1-7851-45F7-AE0B-A2BE02E0BBE7}.Debug|Win32.Build.0 = Debug|Win32
		{5EC4E4E1-7851-45F7-AE0B-A2BE02E0BBE7}.Release|Win32.ActiveCfg = Release|Win32
		{5EC4E4E1-7851-45F7-AE0B-A2BE02E0BBE7}.Release|Win32.Build.0 = Release|Win32
		{DCEBAD30-93BD-4E9A-B45A-909512ED7901}.Debug|Win32.ActiveCfg = Debug|Win32
		{DCEBAD30-93BD-4E9A-B45A-909512ED7901}.Debug|Win32.Build.0 = Debug|Win32
		{DCEBAD30-93BD-4E9A-B45A-909512ED7901}.Release|Win32.ActiveCfg = Release|Win32
		{DCEBAD30-93BD-4E9A-B45A-909512ED7901}.Release|Win32.Build.0 = Release|Win32
	EndGlobalSection
	GlobalSection(SolutionProperties) = preSolution
		HideSolutionNode = FALSE
	EndGlobalSection
EndGlobal
