<?xml version="1.0" encoding="utf-8"?>
<Project ToolsVersion="4.0" xmlns="http://schemas.microsoft.com/developer/msbuild/2003">
  <ItemGroup>
    <Filter Include="Generated">
      <UniqueIdentifier>{19831d31-89e1-44ab-a79e-9111f3694dd2}</UniqueIdentifier>
    </Filter>
    <Filter Include="Header Files">
      <UniqueIdentifier>{7f89ad52-cc1e-4425-9549-a5250ad3ce2c}</UniqueIdentifier>
      <Extensions>h;hpp;hxx;hm;inl</Extensions>
    </Filter>
    <Filter Include="Resource Files">
      <UniqueIdentifier>{6dd35fba-6135-4b2f-8759-7bb86a831d51}</UniqueIdentifier>
      <Extensions>ico;cur;bmp;dlg;rc2;rct;bin;cnt;rtf;gif;jpg;jpeg;jpe</Extensions>
    </Filter>
    <Filter Include="Source Files">
      <UniqueIdentifier>{9ec5052a-3286-42fd-b26d-3877485f5f8d}</UniqueIdentifier>
      <Extensions>cpp;c;cxx;rc;def;r;odl;idl;hpj;bat</Extensions>
    </Filter>
    <Filter Include="UI Files">
      <UniqueIdentifier>{cf5ee7fa-3fb2-454e-9663-0a09f5fd1b26}</UniqueIdentifier>
      <Extensions>.ui</Extensions>
    </Filter>
  </ItemGroup>
  <ItemGroup>
    <ClCompile Include="AboutBox.cpp">
      <Filter>Source Files</Filter>
    </ClCompile>
    <ClCompile Include="BAdapter.cpp">
      <Filter>Source Files</Filter>
    </ClCompile>
    <ClCompile Include="DumpView.cpp">
      <Filter>Source Files</Filter>
    </ClCompile>
    <ClCompile Include="Generated\moc_AboutBox.cpp">
      <Filter>Generated</Filter>
    </ClCompile>
    <ClCompile Include="Generated\moc_DumpView.cpp">
      <Filter>Generated</Filter>
    </ClCompile>
    <ClCompile Include="Generated\moc_LavaAppBase.cpp">
      <Filter>Generated</Filter>
    </ClCompile>
    <ClCompile Include="Generated\moc_LavaBaseDoc.cpp">
      <Filter>Generated</Filter>
    </ClCompile>
    <ClCompile Include="generated\moc_LavaThread.cpp">
      <Filter>Generated</Filter>
    </ClCompile>
    <ClCompile Include="Generated\moc_PEBaseDoc.cpp">
      <Filter>Generated</Filter>
    </ClCompile>
    <ClCompile Include="InterprBase.cpp">
      <Filter>Source Files</Filter>
    </ClCompile>
    <ClCompile Include="LavaAppBase.cpp">
      <Filter>Source Files</Filter>
    </ClCompile>
    <ClCompile Include="LavaBaseDoc.cpp">
      <Filter>Source Files</Filter>
    </ClCompile>
    <ClCompile Include="LavaBaseStringInit.cpp">
      <Filter>Source Files</Filter>
    </ClCompile>
    <ClCompile Include="LavaBase_all.cpp">
      <Filter>Source Files</Filter>
    </ClCompile>
    <ClCompile Include="LavaThread.cpp">
      <Filter>Source Files</Filter>
    </ClCompile>
    <ClCompile Include="PEBaseDoc.cpp">
      <Filter>Source Files</Filter>
    </ClCompile>
    <ClCompile Include="SylTraversal.cpp">
      <Filter>Source Files</Filter>
    </ClCompile>
    <ClCompile Include="SynIDTable.cpp">
      <Filter>Source Files</Filter>
    </ClCompile>
    <ClCompile Include="SynIO.cpp">
      <Filter>Source Files</Filter>
    </ClCompile>
    <ClCompile Include="Syntax.cpp">
      <Filter>Source Files</Filter>
    </ClCompile>
    <ClCompile Include="SyntaxG.cpp">
      <Filter>Source Files</Filter>
    </ClCompile>
  </ItemGroup>
  <ItemGroup>
    <ClInclude Include="BAdapter.h">
      <Filter>Header Files</Filter>
    </ClInclude>
    <ClInclude Include="BASEMACROS.h">
      <Filter>Header Files</Filter>
    </ClInclude>
    <ClInclude Include="LavaBaseStringInit.h">
      <Filter>Header Files</Filter>
    </ClInclude>
    <ClInclude Include="LavaBase_all.h">
      <Filter>Header Files</Filter>
    </ClInclude>
    <ClInclude Include="SafeInt.h">
      <Filter>Header Files</Filter>
    </ClInclude>
    <ClInclude Include="SylTraversal.h">
      <Filter>Header Files</Filter>
    </ClInclude>
    <ClInclude Include="SynIDTable.h">
      <Filter>Header Files</Filter>
    </ClInclude>
    <ClInclude Include="SynIO.h">
      <Filter>Header Files</Filter>
    </ClInclude>
    <ClInclude Include="Syntax.h">
      <Filter>Header Files</Filter>
    </ClInclude>
  </ItemGroup>
  <ItemGroup>
    <None Include="Makefile" />
    <None Include="res\LavaBase.rc2">
      <Filter>Resource Files</Filter>
    </None>
    <None Include="res\LavaDoc.ico">
      <Filter>Resource Files</Filter>
    </None>
  </ItemGroup>
  <ItemGroup>
    <CustomBuild Include="AboutBox.h">
      <Filter>Header Files</Filter>
    </CustomBuild>
    <CustomBuild Include="DumpView.h">
      <Filter>Header Files</Filter>
    </CustomBuild>
    <CustomBuild Include="Generated\idd_aboutbox.h">
      <Filter>Generated</Filter>
    </CustomBuild>
    <CustomBuild Include="idd_aboutbox.ui">
      <Filter>UI Files</Filter>
    </CustomBuild>
    <CustomBuild Include="LavaAppBase.h">
      <Filter>Header Files</Filter>
    </CustomBuild>
    <CustomBuild Include="LavaBaseDoc.h">
      <Filter>Header Files</Filter>
    </CustomBuild>
    <CustomBuild Include="LavaThread.h">
      <Filter>Header Files</Filter>
    </CustomBuild>
    <CustomBuild Include="PEBaseDoc.h">
      <Filter>Header Files</Filter>
    </CustomBuild>
    <CustomBuild Include="Syntax.ph">
      <Filter>Header Files</Filter>
    </CustomBuild>
  </ItemGroup>
</Project>