<?xml version="1.0" encoding="utf-8"?>
<Project ToolsVersion="4.0" xmlns="http://schemas.microsoft.com/developer/msbuild/2003">
  <ItemGroup>
    <Filter Include="Source Files">
      <UniqueIdentifier>{698bb146-64f1-4ed6-9674-6a0c3e6c2ffd}</UniqueIdentifier>
      <Extensions>cpp;c;cxx;rc;def;r;odl;hpj;bat;for;f90</Extensions>
    </Filter>
    <Filter Include="Header Files">
      <UniqueIdentifier>{4e476cc6-47cf-4f5c-b656-b5694e7d6256}</UniqueIdentifier>
      <Extensions>h;hpp;hxx;hm;inl;fi;fd</Extensions>
    </Filter>
  </ItemGroup>
  <ItemGroup>
    <ClCompile Include="AnyType.cpp">
      <Filter>Source Files</Filter>
    </ClCompile>
    <ClCompile Include="ASN1.cpp">
      <Filter>Source Files</Filter>
    </ClCompile>
    <ClCompile Include="ASN1File.cpp">
      <Filter>Source Files</Filter>
    </ClCompile>
    <ClCompile Include="ASN1pp.cpp">
      <Filter>Source Files</Filter>
    </ClCompile>
    <ClCompile Include="CDPpp.cpp">
      <Filter>Source Files</Filter>
    </ClCompile>
    <ClCompile Include="ChainA.cpp">
      <Filter>Source Files</Filter>
    </ClCompile>
    <ClCompile Include="CHAINANY.cpp">
      <Filter>Source Files</Filter>
    </ClCompile>
    <ClCompile Include="ChString.cpp">
      <Filter>Source Files</Filter>
    </ClCompile>
    <ClCompile Include="Convert.cpp">
      <Filter>Source Files</Filter>
    </ClCompile>
    <ClCompile Include="DateTime.cpp">
      <Filter>Source Files</Filter>
    </ClCompile>
    <ClCompile Include="DIO.cpp">
      <Filter>Source Files</Filter>
    </ClCompile>
    <ClCompile Include="disco_all.cpp">
      <Filter>Source Files</Filter>
    </ClCompile>
    <ClCompile Include="DString.cpp">
      <Filter>Source Files</Filter>
    </ClCompile>
    <ClCompile Include="Halt.cpp">
      <Filter>Source Files</Filter>
    </ClCompile>
    <ClCompile Include="InFile.cpp">
      <Filter>Source Files</Filter>
    </ClCompile>
    <ClCompile Include="MachDep.cpp">
      <Filter>Source Files</Filter>
    </ClCompile>
    <ClCompile Include="NestA.cpp">
      <Filter>Source Files</Filter>
    </ClCompile>
    <ClCompile Include="NESTANY.cpp">
      <Filter>Source Files</Filter>
    </ClCompile>
    <ClCompile Include="OutFile.cpp">
      <Filter>Source Files</Filter>
    </ClCompile>
    <ClCompile Include="PMDump.cpp">
      <Filter>Source Files</Filter>
    </ClCompile>
    <ClCompile Include="SET.cpp">
      <Filter>Source Files</Filter>
    </ClCompile>
    <ClCompile Include="SETpp.cpp">
      <Filter>Source Files</Filter>
    </ClCompile>
    <ClCompile Include="STR.cpp">
      <Filter>Source Files</Filter>
    </ClCompile>
    <ClCompile Include="wb_obj.cpp">
      <Filter>Source Files</Filter>
    </ClCompile>
  </ItemGroup>
  <ItemGroup>
    <ClInclude Include="AnyType.h">
      <Filter>Header Files</Filter>
    </ClInclude>
    <ClInclude Include="ASN1.h">
      <Filter>Header Files</Filter>
    </ClInclude>
    <ClInclude Include="ASN1File.h">
      <Filter>Header Files</Filter>
    </ClInclude>
    <ClInclude Include="ASN1pp.h">
      <Filter>Header Files</Filter>
    </ClInclude>
    <ClInclude Include="CDPpp.h">
      <Filter>Header Files</Filter>
    </ClInclude>
    <ClInclude Include="ChainA.h">
      <Filter>Header Files</Filter>
    </ClInclude>
    <ClInclude Include="CHAINANY.h">
      <Filter>Header Files</Filter>
    </ClInclude>
    <ClInclude Include="ChString.h">
      <Filter>Header Files</Filter>
    </ClInclude>
    <ClInclude Include="Convert.h">
      <Filter>Header Files</Filter>
    </ClInclude>
    <ClInclude Include="DateTime.h">
      <Filter>Header Files</Filter>
    </ClInclude>
    <ClInclude Include="DIO.h">
      <Filter>Header Files</Filter>
    </ClInclude>
    <ClInclude Include="disco_all.h">
      <Filter>Header Files</Filter>
    </ClInclude>
    <ClInclude Include="DString.h">
      <Filter>Header Files</Filter>
    </ClInclude>
    <ClInclude Include="Halt.h">
      <Filter>Header Files</Filter>
    </ClInclude>
    <ClInclude Include="InFile.h">
      <Filter>Header Files</Filter>
    </ClInclude>
    <ClInclude Include="MachDep.h">
      <Filter>Header Files</Filter>
    </ClInclude>
    <ClInclude Include="MACROS.h">
      <Filter>Header Files</Filter>
    </ClInclude>
    <ClInclude Include="NestA.h">
      <Filter>Header Files</Filter>
    </ClInclude>
    <ClInclude Include="NESTANY.h">
      <Filter>Header Files</Filter>
    </ClInclude>
    <ClInclude Include="OutFile.h">
      <Filter>Header Files</Filter>
    </ClInclude>
    <ClInclude Include="PMDump.h">
      <Filter>Header Files</Filter>
    </ClInclude>
    <ClInclude Include="SETpp.h">
      <Filter>Header Files</Filter>
    </ClInclude>
    <ClInclude Include="STR.h">
      <Filter>Header Files</Filter>
    </ClInclude>
    <ClInclude Include="SYSTEM.h">
      <Filter>Header Files</Filter>
    </ClInclude>
    <ClInclude Include="TextFile.h">
      <Filter>Header Files</Filter>
    </ClInclude>
    <ClInclude Include="UNIX.h">
      <Filter>Header Files</Filter>
    </ClInclude>
    <ClInclude Include="wx_obj.h">
      <Filter>Header Files</Filter>
    </ClInclude>
  </ItemGroup>
</Project>